
Microsoft Visual Studio Solution File, Format Version 12.00
# Visual Studio Version 17
VisualStudioVersion = 17.7.34031.279
MinimumVisualStudioVersion = 10.0.40219.1
Project("{FAE04EC0-301F-11D3-BF4B-00C04F79EFBC}") = "FollowerParser", "FollowerParser\FollowerParser.csproj", "{0EF02AD7-2B33-4DA4-8913-5FA8C7748D90}"
EndProject
Global
	GlobalSection(SolutionConfigurationPlatforms) = preSolution
		Debug|Any CPU = Debug|Any CPU
		Release|Any CPU = Release|Any CPU
	EndGlobalSection
	GlobalSection(ProjectConfigurationPlatforms) = postSolution
		{0EF02AD7-2B33-4DA4-8913-5FA8C7748D90}.Debug|Any CPU.ActiveCfg = Debug|Any CPU
		{0EF02AD7-2B33-4DA4-8913-5FA8C7748D90}.Debug|Any CPU.Build.0 = Debug|Any CPU
		{0EF02AD7-2B33-4DA4-8913-5FA8C7748D90}.Release|Any CPU.ActiveCfg = Release|Any CPU
		{0EF02AD7-2B33-4DA4-8913-5FA8C7748D90}.Release|Any CPU.Build.0 = Release|Any CPU
	EndGlobalSection
	GlobalSection(SolutionProperties) = preSolution
		HideSolutionNode = FALSE
	EndGlobalSection
	GlobalSection(ExtensibilityGlobals) = postSolution
		SolutionGuid = {689EC423-B823-4BB7-81FF-052D815D0B7A}
	EndGlobalSection
EndGlobal
